// !$*UTF8*$!
{
	archiveVersion = 1;
	classes = {
	};
	objectVersion = 56;
	objects = {

/* Begin PBXBuildFile section */
		3D152A392A67E51900615066 /* AccentVisibility.swift in Sources */ = {isa = PBXBuildFile; fileRef = 3D152A382A67E51900615066 /* AccentVisibility.swift */; };
		3D2EC10C2A45A213009A2623 /* PickupPointMap.swift in Sources */ = {isa = PBXBuildFile; fileRef = 3D2EC10B2A45A213009A2623 /* PickupPointMap.swift */; };
		3D2EC10E2A45A220009A2623 /* PickupPointMapViewModel.swift in Sources */ = {isa = PBXBuildFile; fileRef = 3D2EC10D2A45A220009A2623 /* PickupPointMapViewModel.swift */; };
		3D37CEE12A66639600F674FE /* AccentPresentationDetent.swift in Sources */ = {isa = PBXBuildFile; fileRef = 3D37CEE02A66639600F674FE /* AccentPresentationDetent.swift */; };
		3D5398A22A4D625400FC71F3 /* View+AccentSheet.swift in Sources */ = {isa = PBXBuildFile; fileRef = 3D5398A12A4D625400FC71F3 /* View+AccentSheet.swift */; };
		3D9AD3DD2A5D04E800EB7A47 /* ParallaxHeader.swift in Sources */ = {isa = PBXBuildFile; fileRef = 3D9AD3DC2A5D04E800EB7A47 /* ParallaxHeader.swift */; };
		3D9AD3DF2A5D051C00EB7A47 /* ContentView.swift in Sources */ = {isa = PBXBuildFile; fileRef = 3D9AD3DE2A5D051C00EB7A47 /* ContentView.swift */; };
		3DA065412A49ECAB00FA4DE1 /* AccentSheet.swift in Sources */ = {isa = PBXBuildFile; fileRef = 3DA065402A49ECAB00FA4DE1 /* AccentSheet.swift */; };
		3DB057582A684CF70025625A /* AccentPresentationCornerRadius.swift in Sources */ = {isa = PBXBuildFile; fileRef = 3DB057572A684CF70025625A /* AccentPresentationCornerRadius.swift */; };
		3DB0575A2A684D550025625A /* AccentInteractiveDismissDisabledKey.swift in Sources */ = {isa = PBXBuildFile; fileRef = 3DB057592A684D550025625A /* AccentInteractiveDismissDisabledKey.swift */; };
		3DB0575C2A684DC50025625A /* AccentPresentationDetentsKey.swift in Sources */ = {isa = PBXBuildFile; fileRef = 3DB0575B2A684DC50025625A /* AccentPresentationDetentsKey.swift */; };
		3DB0575E2A684DED0025625A /* AccentPresentationDragIndicatorKey.swift in Sources */ = {isa = PBXBuildFile; fileRef = 3DB0575D2A684DED0025625A /* AccentPresentationDragIndicatorKey.swift */; };
		3DB057602A684F730025625A /* AccentPresentationPassthroughtBackgroundKey.swift in Sources */ = {isa = PBXBuildFile; fileRef = 3DB0575F2A684F730025625A /* AccentPresentationPassthroughtBackgroundKey.swift */; };
		3DC871BF2A1F5C9000C219B2 /* SwiftUI_PlaygroundApp.swift in Sources */ = {isa = PBXBuildFile; fileRef = 3DC871BE2A1F5C9000C219B2 /* SwiftUI_PlaygroundApp.swift */; };
		3DC871C32A1F5C9100C219B2 /* Assets.xcassets in Resources */ = {isa = PBXBuildFile; fileRef = 3DC871C22A1F5C9100C219B2 /* Assets.xcassets */; };
		3DC871C72A1F5C9100C219B2 /* Preview Assets.xcassets in Resources */ = {isa = PBXBuildFile; fileRef = 3DC871C62A1F5C9100C219B2 /* Preview Assets.xcassets */; };
		3DC871D12A1F5C9100C219B2 /* SwiftUI_PlaygroundTests.swift in Sources */ = {isa = PBXBuildFile; fileRef = 3DC871D02A1F5C9100C219B2 /* SwiftUI_PlaygroundTests.swift */; };
		3DC871DB2A1F5C9100C219B2 /* SwiftUI_PlaygroundUITests.swift in Sources */ = {isa = PBXBuildFile; fileRef = 3DC871DA2A1F5C9100C219B2 /* SwiftUI_PlaygroundUITests.swift */; };
		3DC871DD2A1F5C9100C219B2 /* SwiftUI_PlaygroundUITestsLaunchTests.swift in Sources */ = {isa = PBXBuildFile; fileRef = 3DC871DC2A1F5C9100C219B2 /* SwiftUI_PlaygroundUITestsLaunchTests.swift */; };
		3DE5703A2A4582470068A84F /* PickupPoint.swift in Sources */ = {isa = PBXBuildFile; fileRef = 3DE570392A4582470068A84F /* PickupPoint.swift */; };
		3DE5703C2A4582770068A84F /* PickupPointPickerV2.swift in Sources */ = {isa = PBXBuildFile; fileRef = 3DE5703B2A4582770068A84F /* PickupPointPickerV2.swift */; };
		3DE5703E2A4582BD0068A84F /* PickupPointPickerViewModelV2.swift in Sources */ = {isa = PBXBuildFile; fileRef = 3DE5703D2A4582BD0068A84F /* PickupPointPickerViewModelV2.swift */; };
		3DE570412A4591F60068A84F /* Loadable.swift in Sources */ = {isa = PBXBuildFile; fileRef = 3DE570402A4591F60068A84F /* Loadable.swift */; };
/* End PBXBuildFile section */

/* Begin PBXContainerItemProxy section */
		3DC871CD2A1F5C9100C219B2 /* PBXContainerItemProxy */ = {
			isa = PBXContainerItemProxy;
			containerPortal = 3DC871B32A1F5C9000C219B2 /* Project object */;
			proxyType = 1;
			remoteGlobalIDString = 3DC871BA2A1F5C9000C219B2;
			remoteInfo = "SwiftUI Playground";
		};
		3DC871D72A1F5C9100C219B2 /* PBXContainerItemProxy */ = {
			isa = PBXContainerItemProxy;
			containerPortal = 3DC871B32A1F5C9000C219B2 /* Project object */;
			proxyType = 1;
			remoteGlobalIDString = 3DC871BA2A1F5C9000C219B2;
			remoteInfo = "SwiftUI Playground";
		};
/* End PBXContainerItemProxy section */

/* Begin PBXFileReference section */
		3D152A382A67E51900615066 /* AccentVisibility.swift */ = {isa = PBXFileReference; lastKnownFileType = sourcecode.swift; path = AccentVisibility.swift; sourceTree = "<group>"; };
		3D2EC10B2A45A213009A2623 /* PickupPointMap.swift */ = {isa = PBXFileReference; lastKnownFileType = sourcecode.swift; path = PickupPointMap.swift; sourceTree = "<group>"; };
		3D2EC10D2A45A220009A2623 /* PickupPointMapViewModel.swift */ = {isa = PBXFileReference; lastKnownFileType = sourcecode.swift; path = PickupPointMapViewModel.swift; sourceTree = "<group>"; };
		3D37CEE02A66639600F674FE /* AccentPresentationDetent.swift */ = {isa = PBXFileReference; fileEncoding = 4; lastKnownFileType = sourcecode.swift; path = AccentPresentationDetent.swift; sourceTree = "<group>"; };
		3D5398A12A4D625400FC71F3 /* View+AccentSheet.swift */ = {isa = PBXFileReference; lastKnownFileType = sourcecode.swift; path = "View+AccentSheet.swift"; sourceTree = "<group>"; };
		3D9AD3DC2A5D04E800EB7A47 /* ParallaxHeader.swift */ = {isa = PBXFileReference; lastKnownFileType = sourcecode.swift; path = ParallaxHeader.swift; sourceTree = "<group>"; };
		3D9AD3DE2A5D051C00EB7A47 /* ContentView.swift */ = {isa = PBXFileReference; lastKnownFileType = sourcecode.swift; path = ContentView.swift; sourceTree = "<group>"; };
		3DA065402A49ECAB00FA4DE1 /* AccentSheet.swift */ = {isa = PBXFileReference; lastKnownFileType = sourcecode.swift; path = AccentSheet.swift; sourceTree = "<group>"; };
		3DB057572A684CF70025625A /* AccentPresentationCornerRadius.swift */ = {isa = PBXFileReference; lastKnownFileType = sourcecode.swift; path = AccentPresentationCornerRadius.swift; sourceTree = "<group>"; };
		3DB057592A684D550025625A /* AccentInteractiveDismissDisabledKey.swift */ = {isa = PBXFileReference; lastKnownFileType = sourcecode.swift; path = AccentInteractiveDismissDisabledKey.swift; sourceTree = "<group>"; };
		3DB0575B2A684DC50025625A /* AccentPresentationDetentsKey.swift */ = {isa = PBXFileReference; lastKnownFileType = sourcecode.swift; path = AccentPresentationDetentsKey.swift; sourceTree = "<group>"; };
		3DB0575D2A684DED0025625A /* AccentPresentationDragIndicatorKey.swift */ = {isa = PBXFileReference; lastKnownFileType = sourcecode.swift; path = AccentPresentationDragIndicatorKey.swift; sourceTree = "<group>"; };
		3DB0575F2A684F730025625A /* AccentPresentationPassthroughtBackgroundKey.swift */ = {isa = PBXFileReference; lastKnownFileType = sourcecode.swift; path = AccentPresentationPassthroughtBackgroundKey.swift; sourceTree = "<group>"; };
		3DC871BB2A1F5C9000C219B2 /* SwiftUI Playground.app */ = {isa = PBXFileReference; explicitFileType = wrapper.application; includeInIndex = 0; path = "SwiftUI Playground.app"; sourceTree = BUILT_PRODUCTS_DIR; };
		3DC871BE2A1F5C9000C219B2 /* SwiftUI_PlaygroundApp.swift */ = {isa = PBXFileReference; lastKnownFileType = sourcecode.swift; path = SwiftUI_PlaygroundApp.swift; sourceTree = "<group>"; };
		3DC871C22A1F5C9100C219B2 /* Assets.xcassets */ = {isa = PBXFileReference; lastKnownFileType = folder.assetcatalog; path = Assets.xcassets; sourceTree = "<group>"; };
		3DC871C42A1F5C9100C219B2 /* SwiftUI_Playground.entitlements */ = {isa = PBXFileReference; lastKnownFileType = text.plist.entitlements; path = SwiftUI_Playground.entitlements; sourceTree = "<group>"; };
		3DC871C62A1F5C9100C219B2 /* Preview Assets.xcassets */ = {isa = PBXFileReference; lastKnownFileType = folder.assetcatalog; path = "Preview Assets.xcassets"; sourceTree = "<group>"; };
		3DC871CC2A1F5C9100C219B2 /* SwiftUI PlaygroundTests.xctest */ = {isa = PBXFileReference; explicitFileType = wrapper.cfbundle; includeInIndex = 0; path = "SwiftUI PlaygroundTests.xctest"; sourceTree = BUILT_PRODUCTS_DIR; };
		3DC871D02A1F5C9100C219B2 /* SwiftUI_PlaygroundTests.swift */ = {isa = PBXFileReference; lastKnownFileType = sourcecode.swift; path = SwiftUI_PlaygroundTests.swift; sourceTree = "<group>"; };
		3DC871D62A1F5C9100C219B2 /* SwiftUI PlaygroundUITests.xctest */ = {isa = PBXFileReference; explicitFileType = wrapper.cfbundle; includeInIndex = 0; path = "SwiftUI PlaygroundUITests.xctest"; sourceTree = BUILT_PRODUCTS_DIR; };
		3DC871DA2A1F5C9100C219B2 /* SwiftUI_PlaygroundUITests.swift */ = {isa = PBXFileReference; lastKnownFileType = sourcecode.swift; path = SwiftUI_PlaygroundUITests.swift; sourceTree = "<group>"; };
		3DC871DC2A1F5C9100C219B2 /* SwiftUI_PlaygroundUITestsLaunchTests.swift */ = {isa = PBXFileReference; lastKnownFileType = sourcecode.swift; path = SwiftUI_PlaygroundUITestsLaunchTests.swift; sourceTree = "<group>"; };
		3DE570392A4582470068A84F /* PickupPoint.swift */ = {isa = PBXFileReference; fileEncoding = 4; lastKnownFileType = sourcecode.swift; path = PickupPoint.swift; sourceTree = "<group>"; };
		3DE5703B2A4582770068A84F /* PickupPointPickerV2.swift */ = {isa = PBXFileReference; lastKnownFileType = sourcecode.swift; path = PickupPointPickerV2.swift; sourceTree = "<group>"; };
		3DE5703D2A4582BD0068A84F /* PickupPointPickerViewModelV2.swift */ = {isa = PBXFileReference; lastKnownFileType = sourcecode.swift; path = PickupPointPickerViewModelV2.swift; sourceTree = "<group>"; };
		3DE570402A4591F60068A84F /* Loadable.swift */ = {isa = PBXFileReference; fileEncoding = 4; lastKnownFileType = sourcecode.swift; path = Loadable.swift; sourceTree = "<group>"; };
/* End PBXFileReference section */

/* Begin PBXFrameworksBuildPhase section */
		3DC871B82A1F5C9000C219B2 /* Frameworks */ = {
			isa = PBXFrameworksBuildPhase;
			buildActionMask = 2147483647;
			files = (
			);
			runOnlyForDeploymentPostprocessing = 0;
		};
		3DC871C92A1F5C9100C219B2 /* Frameworks */ = {
			isa = PBXFrameworksBuildPhase;
			buildActionMask = 2147483647;
			files = (
			);
			runOnlyForDeploymentPostprocessing = 0;
		};
		3DC871D32A1F5C9100C219B2 /* Frameworks */ = {
			isa = PBXFrameworksBuildPhase;
			buildActionMask = 2147483647;
			files = (
			);
			runOnlyForDeploymentPostprocessing = 0;
		};
/* End PBXFrameworksBuildPhase section */

/* Begin PBXGroup section */
		3D10AEDD2A4A96EB00BFB1EB /* AccentSheet */ = {
			isa = PBXGroup;
			children = (
				3DB057592A684D550025625A /* AccentInteractiveDismissDisabledKey.swift */,
				3DB057572A684CF70025625A /* AccentPresentationCornerRadius.swift */,
				3D37CEE02A66639600F674FE /* AccentPresentationDetent.swift */,
				3DB0575B2A684DC50025625A /* AccentPresentationDetentsKey.swift */,
				3DB0575D2A684DED0025625A /* AccentPresentationDragIndicatorKey.swift */,
				3DA065402A49ECAB00FA4DE1 /* AccentSheet.swift */,
				3D152A382A67E51900615066 /* AccentVisibility.swift */,
				3D5398A12A4D625400FC71F3 /* View+AccentSheet.swift */,
				3DB0575F2A684F730025625A /* AccentPresentationPassthroughtBackgroundKey.swift */,
			);
			path = AccentSheet;
			sourceTree = "<group>";
		};
		3DB35CC42A53D72800451184 /* Discardable */ = {
			isa = PBXGroup;
			children = (
				3D9AD3DC2A5D04E800EB7A47 /* ParallaxHeader.swift */,
				3D9AD3DE2A5D051C00EB7A47 /* ContentView.swift */,
			);
			path = Discardable;
			sourceTree = "<group>";
		};
		3DC871B22A1F5C9000C219B2 = {
			isa = PBXGroup;
			children = (
				3DC871BD2A1F5C9000C219B2 /* SwiftUI Playground */,
				3DC871CF2A1F5C9100C219B2 /* SwiftUI PlaygroundTests */,
				3DC871D92A1F5C9100C219B2 /* SwiftUI PlaygroundUITests */,
				3DC871BC2A1F5C9000C219B2 /* Products */,
			);
			sourceTree = "<group>";
		};
		3DC871BC2A1F5C9000C219B2 /* Products */ = {
			isa = PBXGroup;
			children = (
				3DC871BB2A1F5C9000C219B2 /* SwiftUI Playground.app */,
				3DC871CC2A1F5C9100C219B2 /* SwiftUI PlaygroundTests.xctest */,
				3DC871D62A1F5C9100C219B2 /* SwiftUI PlaygroundUITests.xctest */,
			);
			name = Products;
			sourceTree = "<group>";
		};
		3DC871BD2A1F5C9000C219B2 /* SwiftUI Playground */ = {
			isa = PBXGroup;
			children = (
				3DB35CC42A53D72800451184 /* Discardable */,
				3D10AEDD2A4A96EB00BFB1EB /* AccentSheet */,
				3DE5703F2A4582C30068A84F /* PickupPointPicker */,
				3DE570382A4582280068A84F /* Dependencies */,
				3DC871BE2A1F5C9000C219B2 /* SwiftUI_PlaygroundApp.swift */,
				3DC871C22A1F5C9100C219B2 /* Assets.xcassets */,
				3DC871C42A1F5C9100C219B2 /* SwiftUI_Playground.entitlements */,
				3DC871C52A1F5C9100C219B2 /* Preview Content */,
			);
			path = "SwiftUI Playground";
			sourceTree = "<group>";
		};
		3DC871C52A1F5C9100C219B2 /* Preview Content */ = {
			isa = PBXGroup;
			children = (
				3DC871C62A1F5C9100C219B2 /* Preview Assets.xcassets */,
			);
			path = "Preview Content";
			sourceTree = "<group>";
		};
		3DC871CF2A1F5C9100C219B2 /* SwiftUI PlaygroundTests */ = {
			isa = PBXGroup;
			children = (
				3DC871D02A1F5C9100C219B2 /* SwiftUI_PlaygroundTests.swift */,
			);
			path = "SwiftUI PlaygroundTests";
			sourceTree = "<group>";
		};
		3DC871D92A1F5C9100C219B2 /* SwiftUI PlaygroundUITests */ = {
			isa = PBXGroup;
			children = (
				3DC871DA2A1F5C9100C219B2 /* SwiftUI_PlaygroundUITests.swift */,
				3DC871DC2A1F5C9100C219B2 /* SwiftUI_PlaygroundUITestsLaunchTests.swift */,
			);
			path = "SwiftUI PlaygroundUITests";
			sourceTree = "<group>";
		};
		3DE570382A4582280068A84F /* Dependencies */ = {
			isa = PBXGroup;
			children = (
				3DE570402A4591F60068A84F /* Loadable.swift */,
				3DE570392A4582470068A84F /* PickupPoint.swift */,
			);
			path = Dependencies;
			sourceTree = "<group>";
		};
		3DE5703F2A4582C30068A84F /* PickupPointPicker */ = {
			isa = PBXGroup;
			children = (
				3DE5703B2A4582770068A84F /* PickupPointPickerV2.swift */,
				3DE5703D2A4582BD0068A84F /* PickupPointPickerViewModelV2.swift */,
				3D2EC10B2A45A213009A2623 /* PickupPointMap.swift */,
				3D2EC10D2A45A220009A2623 /* PickupPointMapViewModel.swift */,
			);
			path = PickupPointPicker;
			sourceTree = "<group>";
		};
/* End PBXGroup section */

/* Begin PBXNativeTarget section */
		3DC871BA2A1F5C9000C219B2 /* SwiftUI Playground */ = {
			isa = PBXNativeTarget;
			buildConfigurationList = 3DC871E02A1F5C9100C219B2 /* Build configuration list for PBXNativeTarget "SwiftUI Playground" */;
			buildPhases = (
				3DC871B72A1F5C9000C219B2 /* Sources */,
				3DC871B82A1F5C9000C219B2 /* Frameworks */,
				3DC871B92A1F5C9000C219B2 /* Resources */,
			);
			buildRules = (
			);
			dependencies = (
			);
			name = "SwiftUI Playground";
			productName = "SwiftUI Playground";
			productReference = 3DC871BB2A1F5C9000C219B2 /* SwiftUI Playground.app */;
			productType = "com.apple.product-type.application";
		};
		3DC871CB2A1F5C9100C219B2 /* SwiftUI PlaygroundTests */ = {
			isa = PBXNativeTarget;
			buildConfigurationList = 3DC871E32A1F5C9100C219B2 /* Build configuration list for PBXNativeTarget "SwiftUI PlaygroundTests" */;
			buildPhases = (
				3DC871C82A1F5C9100C219B2 /* Sources */,
				3DC871C92A1F5C9100C219B2 /* Frameworks */,
				3DC871CA2A1F5C9100C219B2 /* Resources */,
			);
			buildRules = (
			);
			dependencies = (
				3DC871CE2A1F5C9100C219B2 /* PBXTargetDependency */,
			);
			name = "SwiftUI PlaygroundTests";
			productName = "SwiftUI PlaygroundTests";
			productReference = 3DC871CC2A1F5C9100C219B2 /* SwiftUI PlaygroundTests.xctest */;
			productType = "com.apple.product-type.bundle.unit-test";
		};
		3DC871D52A1F5C9100C219B2 /* SwiftUI PlaygroundUITests */ = {
			isa = PBXNativeTarget;
			buildConfigurationList = 3DC871E62A1F5C9100C219B2 /* Build configuration list for PBXNativeTarget "SwiftUI PlaygroundUITests" */;
			buildPhases = (
				3DC871D22A1F5C9100C219B2 /* Sources */,
				3DC871D32A1F5C9100C219B2 /* Frameworks */,
				3DC871D42A1F5C9100C219B2 /* Resources */,
			);
			buildRules = (
			);
			dependencies = (
				3DC871D82A1F5C9100C219B2 /* PBXTargetDependency */,
			);
			name = "SwiftUI PlaygroundUITests";
			productName = "SwiftUI PlaygroundUITests";
			productReference = 3DC871D62A1F5C9100C219B2 /* SwiftUI PlaygroundUITests.xctest */;
			productType = "com.apple.product-type.bundle.ui-testing";
		};
/* End PBXNativeTarget section */

/* Begin PBXProject section */
		3DC871B32A1F5C9000C219B2 /* Project object */ = {
			isa = PBXProject;
			attributes = {
				BuildIndependentTargetsInParallel = 1;
				LastSwiftUpdateCheck = 1430;
				LastUpgradeCheck = 1500;
				TargetAttributes = {
					3DC871BA2A1F5C9000C219B2 = {
						CreatedOnToolsVersion = 14.3;
					};
					3DC871CB2A1F5C9100C219B2 = {
						CreatedOnToolsVersion = 14.3;
						TestTargetID = 3DC871BA2A1F5C9000C219B2;
					};
					3DC871D52A1F5C9100C219B2 = {
						CreatedOnToolsVersion = 14.3;
						TestTargetID = 3DC871BA2A1F5C9000C219B2;
					};
				};
			};
			buildConfigurationList = 3DC871B62A1F5C9000C219B2 /* Build configuration list for PBXProject "SwiftUI Playground" */;
			compatibilityVersion = "Xcode 14.0";
			developmentRegion = en;
			hasScannedForEncodings = 0;
			knownRegions = (
				en,
				Base,
			);
			mainGroup = 3DC871B22A1F5C9000C219B2;
			productRefGroup = 3DC871BC2A1F5C9000C219B2 /* Products */;
			projectDirPath = "";
			projectRoot = "";
			targets = (
				3DC871BA2A1F5C9000C219B2 /* SwiftUI Playground */,
				3DC871CB2A1F5C9100C219B2 /* SwiftUI PlaygroundTests */,
				3DC871D52A1F5C9100C219B2 /* SwiftUI PlaygroundUITests */,
			);
		};
/* End PBXProject section */

/* Begin PBXResourcesBuildPhase section */
		3DC871B92A1F5C9000C219B2 /* Resources */ = {
			isa = PBXResourcesBuildPhase;
			buildActionMask = 2147483647;
			files = (
				3DC871C72A1F5C9100C219B2 /* Preview Assets.xcassets in Resources */,
				3DC871C32A1F5C9100C219B2 /* Assets.xcassets in Resources */,
			);
			runOnlyForDeploymentPostprocessing = 0;
		};
		3DC871CA2A1F5C9100C219B2 /* Resources */ = {
			isa = PBXResourcesBuildPhase;
			buildActionMask = 2147483647;
			files = (
			);
			runOnlyForDeploymentPostprocessing = 0;
		};
		3DC871D42A1F5C9100C219B2 /* Resources */ = {
			isa = PBXResourcesBuildPhase;
			buildActionMask = 2147483647;
			files = (
			);
			runOnlyForDeploymentPostprocessing = 0;
		};
/* End PBXResourcesBuildPhase section */

/* Begin PBXSourcesBuildPhase section */
		3DC871B72A1F5C9000C219B2 /* Sources */ = {
			isa = PBXSourcesBuildPhase;
			buildActionMask = 2147483647;
			files = (
				3DE5703C2A4582770068A84F /* PickupPointPickerV2.swift in Sources */,
				3DB0575A2A684D550025625A /* AccentInteractiveDismissDisabledKey.swift in Sources */,
				3DE5703E2A4582BD0068A84F /* PickupPointPickerViewModelV2.swift in Sources */,
				3D2EC10E2A45A220009A2623 /* PickupPointMapViewModel.swift in Sources */,
				3DB057582A684CF70025625A /* AccentPresentationCornerRadius.swift in Sources */,
				3DE5703A2A4582470068A84F /* PickupPoint.swift in Sources */,
				3D2EC10C2A45A213009A2623 /* PickupPointMap.swift in Sources */,
				3D152A392A67E51900615066 /* AccentVisibility.swift in Sources */,
				3DC871BF2A1F5C9000C219B2 /* SwiftUI_PlaygroundApp.swift in Sources */,
				3DB0575C2A684DC50025625A /* AccentPresentationDetentsKey.swift in Sources */,
				3DE570412A4591F60068A84F /* Loadable.swift in Sources */,
				3D9AD3DD2A5D04E800EB7A47 /* ParallaxHeader.swift in Sources */,
				3DB0575E2A684DED0025625A /* AccentPresentationDragIndicatorKey.swift in Sources */,
				3D9AD3DF2A5D051C00EB7A47 /* ContentView.swift in Sources */,
				3D5398A22A4D625400FC71F3 /* View+AccentSheet.swift in Sources */,
				3DA065412A49ECAB00FA4DE1 /* AccentSheet.swift in Sources */,
				3D37CEE12A66639600F674FE /* AccentPresentationDetent.swift in Sources */,
				3DB057602A684F730025625A /* AccentPresentationPassthroughtBackgroundKey.swift in Sources */,
			);
			runOnlyForDeploymentPostprocessing = 0;
		};
		3DC871C82A1F5C9100C219B2 /* Sources */ = {
			isa = PBXSourcesBuildPhase;
			buildActionMask = 2147483647;
			files = (
				3DC871D12A1F5C9100C219B2 /* SwiftUI_PlaygroundTests.swift in Sources */,
			);
			runOnlyForDeploymentPostprocessing = 0;
		};
		3DC871D22A1F5C9100C219B2 /* Sources */ = {
			isa = PBXSourcesBuildPhase;
			buildActionMask = 2147483647;
			files = (
				3DC871DB2A1F5C9100C219B2 /* SwiftUI_PlaygroundUITests.swift in Sources */,
				3DC871DD2A1F5C9100C219B2 /* SwiftUI_PlaygroundUITestsLaunchTests.swift in Sources */,
			);
			runOnlyForDeploymentPostprocessing = 0;
		};
/* End PBXSourcesBuildPhase section */

/* Begin PBXTargetDependency section */
		3DC871CE2A1F5C9100C219B2 /* PBXTargetDependency */ = {
			isa = PBXTargetDependency;
			target = 3DC871BA2A1F5C9000C219B2 /* SwiftUI Playground */;
			targetProxy = 3DC871CD2A1F5C9100C219B2 /* PBXContainerItemProxy */;
		};
		3DC871D82A1F5C9100C219B2 /* PBXTargetDependency */ = {
			isa = PBXTargetDependency;
			target = 3DC871BA2A1F5C9000C219B2 /* SwiftUI Playground */;
			targetProxy = 3DC871D72A1F5C9100C219B2 /* PBXContainerItemProxy */;
		};
/* End PBXTargetDependency section */

/* Begin XCBuildConfiguration section */
		3DC871DE2A1F5C9100C219B2 /* Debug */ = {
			isa = XCBuildConfiguration;
			buildSettings = {
				ALWAYS_SEARCH_USER_PATHS = NO;
				CLANG_ANALYZER_NONNULL = YES;
				CLANG_ANALYZER_NUMBER_OBJECT_CONVERSION = YES_AGGRESSIVE;
				CLANG_CXX_LANGUAGE_STANDARD = "gnu++20";
				CLANG_ENABLE_MODULES = YES;
				CLANG_ENABLE_OBJC_ARC = YES;
				CLANG_ENABLE_OBJC_WEAK = YES;
				CLANG_WARN_BLOCK_CAPTURE_AUTORELEASING = YES;
				CLANG_WARN_BOOL_CONVERSION = YES;
				CLANG_WARN_COMMA = YES;
				CLANG_WARN_CONSTANT_CONVERSION = YES;
				CLANG_WARN_DEPRECATED_OBJC_IMPLEMENTATIONS = YES;
				CLANG_WARN_DIRECT_OBJC_ISA_USAGE = YES_ERROR;
				CLANG_WARN_DOCUMENTATION_COMMENTS = YES;
				CLANG_WARN_EMPTY_BODY = YES;
				CLANG_WARN_ENUM_CONVERSION = YES;
				CLANG_WARN_INFINITE_RECURSION = YES;
				CLANG_WARN_INT_CONVERSION = YES;
				CLANG_WARN_NON_LITERAL_NULL_CONVERSION = YES;
				CLANG_WARN_OBJC_IMPLICIT_RETAIN_SELF = YES;
				CLANG_WARN_OBJC_LITERAL_CONVERSION = YES;
				CLANG_WARN_OBJC_ROOT_CLASS = YES_ERROR;
				CLANG_WARN_QUOTED_INCLUDE_IN_FRAMEWORK_HEADER = YES;
				CLANG_WARN_RANGE_LOOP_ANALYSIS = YES;
				CLANG_WARN_STRICT_PROTOTYPES = YES;
				CLANG_WARN_SUSPICIOUS_MOVE = YES;
				CLANG_WARN_UNGUARDED_AVAILABILITY = YES_AGGRESSIVE;
				CLANG_WARN_UNREACHABLE_CODE = YES;
				CLANG_WARN__DUPLICATE_METHOD_MATCH = YES;
				COPY_PHASE_STRIP = NO;
				DEAD_CODE_STRIPPING = YES;
				DEBUG_INFORMATION_FORMAT = dwarf;
				ENABLE_STRICT_OBJC_MSGSEND = YES;
				ENABLE_TESTABILITY = YES;
				ENABLE_USER_SCRIPT_SANDBOXING = YES;
				GCC_C_LANGUAGE_STANDARD = gnu11;
				GCC_DYNAMIC_NO_PIC = NO;
				GCC_NO_COMMON_BLOCKS = YES;
				GCC_OPTIMIZATION_LEVEL = 0;
				GCC_PREPROCESSOR_DEFINITIONS = (
					"DEBUG=1",
					"$(inherited)",
				);
				GCC_WARN_64_TO_32_BIT_CONVERSION = YES;
				GCC_WARN_ABOUT_RETURN_TYPE = YES_ERROR;
				GCC_WARN_UNDECLARED_SELECTOR = YES;
				GCC_WARN_UNINITIALIZED_AUTOS = YES_AGGRESSIVE;
				GCC_WARN_UNUSED_FUNCTION = YES;
				GCC_WARN_UNUSED_VARIABLE = YES;
				MTL_ENABLE_DEBUG_INFO = INCLUDE_SOURCE;
				MTL_FAST_MATH = YES;
				ONLY_ACTIVE_ARCH = YES;
				SWIFT_ACTIVE_COMPILATION_CONDITIONS = DEBUG;
				SWIFT_OPTIMIZATION_LEVEL = "-Onone";
			};
			name = Debug;
		};
		3DC871DF2A1F5C9100C219B2 /* Release */ = {
			isa = XCBuildConfiguration;
			buildSettings = {
				ALWAYS_SEARCH_USER_PATHS = NO;
				CLANG_ANALYZER_NONNULL = YES;
				CLANG_ANALYZER_NUMBER_OBJECT_CONVERSION = YES_AGGRESSIVE;
				CLANG_CXX_LANGUAGE_STANDARD = "gnu++20";
				CLANG_ENABLE_MODULES = YES;
				CLANG_ENABLE_OBJC_ARC = YES;
				CLANG_ENABLE_OBJC_WEAK = YES;
				CLANG_WARN_BLOCK_CAPTURE_AUTORELEASING = YES;
				CLANG_WARN_BOOL_CONVERSION = YES;
				CLANG_WARN_COMMA = YES;
				CLANG_WARN_CONSTANT_CONVERSION = YES;
				CLANG_WARN_DEPRECATED_OBJC_IMPLEMENTATIONS = YES;
				CLANG_WARN_DIRECT_OBJC_ISA_USAGE = YES_ERROR;
				CLANG_WARN_DOCUMENTATION_COMMENTS = YES;
				CLANG_WARN_EMPTY_BODY = YES;
				CLANG_WARN_ENUM_CONVERSION = YES;
				CLANG_WARN_INFINITE_RECURSION = YES;
				CLANG_WARN_INT_CONVERSION = YES;
				CLANG_WARN_NON_LITERAL_NULL_CONVERSION = YES;
				CLANG_WARN_OBJC_IMPLICIT_RETAIN_SELF = YES;
				CLANG_WARN_OBJC_LITERAL_CONVERSION = YES;
				CLANG_WARN_OBJC_ROOT_CLASS = YES_ERROR;
				CLANG_WARN_QUOTED_INCLUDE_IN_FRAMEWORK_HEADER = YES;
				CLANG_WARN_RANGE_LOOP_ANALYSIS = YES;
				CLANG_WARN_STRICT_PROTOTYPES = YES;
				CLANG_WARN_SUSPICIOUS_MOVE = YES;
				CLANG_WARN_UNGUARDED_AVAILABILITY = YES_AGGRESSIVE;
				CLANG_WARN_UNREACHABLE_CODE = YES;
				CLANG_WARN__DUPLICATE_METHOD_MATCH = YES;
				COPY_PHASE_STRIP = NO;
				DEAD_CODE_STRIPPING = YES;
				DEBUG_INFORMATION_FORMAT = "dwarf-with-dsym";
				ENABLE_NS_ASSERTIONS = NO;
				ENABLE_STRICT_OBJC_MSGSEND = YES;
				ENABLE_USER_SCRIPT_SANDBOXING = YES;
				GCC_C_LANGUAGE_STANDARD = gnu11;
				GCC_NO_COMMON_BLOCKS = YES;
				GCC_WARN_64_TO_32_BIT_CONVERSION = YES;
				GCC_WARN_ABOUT_RETURN_TYPE = YES_ERROR;
				GCC_WARN_UNDECLARED_SELECTOR = YES;
				GCC_WARN_UNINITIALIZED_AUTOS = YES_AGGRESSIVE;
				GCC_WARN_UNUSED_FUNCTION = YES;
				GCC_WARN_UNUSED_VARIABLE = YES;
				MTL_ENABLE_DEBUG_INFO = NO;
				MTL_FAST_MATH = YES;
				SWIFT_COMPILATION_MODE = wholemodule;
				SWIFT_OPTIMIZATION_LEVEL = "-O";
			};
			name = Release;
		};
		3DC871E12A1F5C9100C219B2 /* Debug */ = {
			isa = XCBuildConfiguration;
			buildSettings = {
				ASSETCATALOG_COMPILER_APPICON_NAME = AppIcon;
				ASSETCATALOG_COMPILER_GLOBAL_ACCENT_COLOR_NAME = AccentColor;
				CODE_SIGN_ENTITLEMENTS = "SwiftUI Playground/SwiftUI_Playground.entitlements";
				CODE_SIGN_STYLE = Automatic;
				CURRENT_PROJECT_VERSION = 1;
				DEAD_CODE_STRIPPING = YES;
				DEVELOPMENT_ASSET_PATHS = "\"SwiftUI Playground/Preview Content\"";
				DEVELOPMENT_TEAM = Y2T28NQA6R;
				ENABLE_HARDENED_RUNTIME = YES;
				ENABLE_PREVIEWS = YES;
				GENERATE_INFOPLIST_FILE = YES;
				"INFOPLIST_KEY_UIApplicationSceneManifest_Generation[sdk=iphoneos*]" = YES;
				"INFOPLIST_KEY_UIApplicationSceneManifest_Generation[sdk=iphonesimulator*]" = YES;
				"INFOPLIST_KEY_UIApplicationSupportsIndirectInputEvents[sdk=iphoneos*]" = YES;
				"INFOPLIST_KEY_UIApplicationSupportsIndirectInputEvents[sdk=iphonesimulator*]" = YES;
				"INFOPLIST_KEY_UILaunchScreen_Generation[sdk=iphoneos*]" = YES;
				"INFOPLIST_KEY_UILaunchScreen_Generation[sdk=iphonesimulator*]" = YES;
				"INFOPLIST_KEY_UIStatusBarStyle[sdk=iphoneos*]" = UIStatusBarStyleDefault;
				"INFOPLIST_KEY_UIStatusBarStyle[sdk=iphonesimulator*]" = UIStatusBarStyleDefault;
				INFOPLIST_KEY_UISupportedInterfaceOrientations_iPad = "UIInterfaceOrientationPortrait UIInterfaceOrientationPortraitUpsideDown UIInterfaceOrientationLandscapeLeft UIInterfaceOrientationLandscapeRight";
				INFOPLIST_KEY_UISupportedInterfaceOrientations_iPhone = "UIInterfaceOrientationPortrait UIInterfaceOrientationLandscapeLeft UIInterfaceOrientationLandscapeRight";
				IPHONEOS_DEPLOYMENT_TARGET = 14.0;
				LD_RUNPATH_SEARCH_PATHS = "@executable_path/Frameworks";
				"LD_RUNPATH_SEARCH_PATHS[sdk=macosx*]" = "@executable_path/../Frameworks";
				MACOSX_DEPLOYMENT_TARGET = 13.3;
				MARKETING_VERSION = 1.0;
				PRODUCT_BUNDLE_IDENTIFIER = "dev.tphduy.SwiftUI-Playground";
				PRODUCT_NAME = "$(TARGET_NAME)";
				SDKROOT = auto;
				SUPPORTED_PLATFORMS = "iphoneos iphonesimulator macosx";
				SWIFT_EMIT_LOC_STRINGS = YES;
				SWIFT_VERSION = 5.0;
				TARGETED_DEVICE_FAMILY = "1,2";
			};
			name = Debug;
		};
		3DC871E22A1F5C9100C219B2 /* Release */ = {
			isa = XCBuildConfiguration;
			buildSettings = {
				ASSETCATALOG_COMPILER_APPICON_NAME = AppIcon;
				ASSETCATALOG_COMPILER_GLOBAL_ACCENT_COLOR_NAME = AccentColor;
				CODE_SIGN_ENTITLEMENTS = "SwiftUI Playground/SwiftUI_Playground.entitlements";
				CODE_SIGN_STYLE = Automatic;
				CURRENT_PROJECT_VERSION = 1;
				DEAD_CODE_STRIPPING = YES;
				DEVELOPMENT_ASSET_PATHS = "\"SwiftUI Playground/Preview Content\"";
				DEVELOPMENT_TEAM = Y2T28NQA6R;
				ENABLE_HARDENED_RUNTIME = YES;
				ENABLE_PREVIEWS = YES;
				GENERATE_INFOPLIST_FILE = YES;
				"INFOPLIST_KEY_UIApplicationSceneManifest_Generation[sdk=iphoneos*]" = YES;
				"INFOPLIST_KEY_UIApplicationSceneManifest_Generation[sdk=iphonesimulator*]" = YES;
				"INFOPLIST_KEY_UIApplicationSupportsIndirectInputEvents[sdk=iphoneos*]" = YES;
				"INFOPLIST_KEY_UIApplicationSupportsIndirectInputEvents[sdk=iphonesimulator*]" = YES;
				"INFOPLIST_KEY_UILaunchScreen_Generation[sdk=iphoneos*]" = YES;
				"INFOPLIST_KEY_UILaunchScreen_Generation[sdk=iphonesimulator*]" = YES;
				"INFOPLIST_KEY_UIStatusBarStyle[sdk=iphoneos*]" = UIStatusBarStyleDefault;
				"INFOPLIST_KEY_UIStatusBarStyle[sdk=iphonesimulator*]" = UIStatusBarStyleDefault;
				INFOPLIST_KEY_UISupportedInterfaceOrientations_iPad = "UIInterfaceOrientationPortrait UIInterfaceOrientationPortraitUpsideDown UIInterfaceOrientationLandscapeLeft UIInterfaceOrientationLandscapeRight";
				INFOPLIST_KEY_UISupportedInterfaceOrientations_iPhone = "UIInterfaceOrientationPortrait UIInterfaceOrientationLandscapeLeft UIInterfaceOrientationLandscapeRight";
				IPHONEOS_DEPLOYMENT_TARGET = 14.0;
				LD_RUNPATH_SEARCH_PATHS = "@executable_path/Frameworks";
				"LD_RUNPATH_SEARCH_PATHS[sdk=macosx*]" = "@executable_path/../Frameworks";
				MACOSX_DEPLOYMENT_TARGET = 13.3;
				MARKETING_VERSION = 1.0;
				PRODUCT_BUNDLE_IDENTIFIER = "dev.tphduy.SwiftUI-Playground";
				PRODUCT_NAME = "$(TARGET_NAME)";
				SDKROOT = auto;
				SUPPORTED_PLATFORMS = "iphoneos iphonesimulator macosx";
				SWIFT_EMIT_LOC_STRINGS = YES;
				SWIFT_VERSION = 5.0;
				TARGETED_DEVICE_FAMILY = "1,2";
			};
			name = Release;
		};
		3DC871E42A1F5C9100C219B2 /* Debug */ = {
			isa = XCBuildConfiguration;
			buildSettings = {
				ALWAYS_EMBED_SWIFT_STANDARD_LIBRARIES = YES;
				BUNDLE_LOADER = "$(TEST_HOST)";
				CODE_SIGN_STYLE = Automatic;
				CURRENT_PROJECT_VERSION = 1;
				DEAD_CODE_STRIPPING = YES;
				DEVELOPMENT_TEAM = Y2T28NQA6R;
				GENERATE_INFOPLIST_FILE = YES;
				IPHONEOS_DEPLOYMENT_TARGET = 16.4;
				MACOSX_DEPLOYMENT_TARGET = 13.3;
				MARKETING_VERSION = 1.0;
				PRODUCT_BUNDLE_IDENTIFIER = "dev.tphduy.SwiftUI-PlaygroundTests";
				PRODUCT_NAME = "$(TARGET_NAME)";
				SDKROOT = auto;
				SUPPORTED_PLATFORMS = "iphoneos iphonesimulator macosx";
				SWIFT_EMIT_LOC_STRINGS = NO;
				SWIFT_VERSION = 5.0;
				TARGETED_DEVICE_FAMILY = "1,2";
				TEST_HOST = "$(BUILT_PRODUCTS_DIR)/SwiftUI Playground.app/$(BUNDLE_EXECUTABLE_FOLDER_PATH)/SwiftUI Playground";
			};
			name = Debug;
		};
		3DC871E52A1F5C9100C219B2 /* Release */ = {
			isa = XCBuildConfiguration;
			buildSettings = {
				ALWAYS_EMBED_SWIFT_STANDARD_LIBRARIES = YES;
				BUNDLE_LOADER = "$(TEST_HOST)";
				CODE_SIGN_STYLE = Automatic;
				CURRENT_PROJECT_VERSION = 1;
				DEAD_CODE_STRIPPING = YES;
				DEVELOPMENT_TEAM = Y2T28NQA6R;
				GENERATE_INFOPLIST_FILE = YES;
				IPHONEOS_DEPLOYMENT_TARGET = 16.4;
				MACOSX_DEPLOYMENT_TARGET = 13.3;
				MARKETING_VERSION = 1.0;
				PRODUCT_BUNDLE_IDENTIFIER = "dev.tphduy.SwiftUI-PlaygroundTests";
				PRODUCT_NAME = "$(TARGET_NAME)";
				SDKROOT = auto;
				SUPPORTED_PLATFORMS = "iphoneos iphonesimulator macosx";
				SWIFT_EMIT_LOC_STRINGS = NO;
				SWIFT_VERSION = 5.0;
				TARGETED_DEVICE_FAMILY = "1,2";
				TEST_HOST = "$(BUILT_PRODUCTS_DIR)/SwiftUI Playground.app/$(BUNDLE_EXECUTABLE_FOLDER_PATH)/SwiftUI Playground";
			};
			name = Release;
		};
		3DC871E72A1F5C9100C219B2 /* Debug */ = {
			isa = XCBuildConfiguration;
			buildSettings = {
				ALWAYS_EMBED_SWIFT_STANDARD_LIBRARIES = YES;
				CODE_SIGN_STYLE = Automatic;
				CURRENT_PROJECT_VERSION = 1;
				DEAD_CODE_STRIPPING = YES;
				DEVELOPMENT_TEAM = Y2T28NQA6R;
				GENERATE_INFOPLIST_FILE = YES;
				IPHONEOS_DEPLOYMENT_TARGET = 16.4;
				MACOSX_DEPLOYMENT_TARGET = 13.3;
				MARKETING_VERSION = 1.0;
				PRODUCT_BUNDLE_IDENTIFIER = "dev.tphduy.SwiftUI-PlaygroundUITests";
				PRODUCT_NAME = "$(TARGET_NAME)";
				SDKROOT = auto;
				SUPPORTED_PLATFORMS = "iphoneos iphonesimulator macosx";
				SWIFT_EMIT_LOC_STRINGS = NO;
				SWIFT_VERSION = 5.0;
				TARGETED_DEVICE_FAMILY = "1,2";
				TEST_TARGET_NAME = "SwiftUI Playground";
			};
			name = Debug;
		};
		3DC871E82A1F5C9100C219B2 /* Release */ = {
			isa = XCBuildConfiguration;
			buildSettings = {
				ALWAYS_EMBED_SWIFT_STANDARD_LIBRARIES = YES;
				CODE_SIGN_STYLE = Automatic;
				CURRENT_PROJECT_VERSION = 1;
				DEAD_CODE_STRIPPING = YES;
				DEVELOPMENT_TEAM = Y2T28NQA6R;
				GENERATE_INFOPLIST_FILE = YES;
				IPHONEOS_DEPLOYMENT_TARGET = 16.4;
				MACOSX_DEPLOYMENT_TARGET = 13.3;
				MARKETING_VERSION = 1.0;
				PRODUCT_BUNDLE_IDENTIFIER = "dev.tphduy.SwiftUI-PlaygroundUITests";
				PRODUCT_NAME = "$(TARGET_NAME)";
				SDKROOT = auto;
				SUPPORTED_PLATFORMS = "iphoneos iphonesimulator macosx";
				SWIFT_EMIT_LOC_STRINGS = NO;
				SWIFT_VERSION = 5.0;
				TARGETED_DEVICE_FAMILY = "1,2";
				TEST_TARGET_NAME = "SwiftUI Playground";
			};
			name = Release;
		};
/* End XCBuildConfiguration section */

/* Begin XCConfigurationList section */
		3DC871B62A1F5C9000C219B2 /* Build configuration list for PBXProject "SwiftUI Playground" */ = {
			isa = XCConfigurationList;
			buildConfigurations = (
				3DC871DE2A1F5C9100C219B2 /* Debug */,
				3DC871DF2A1F5C9100C219B2 /* Release */,
			);
			defaultConfigurationIsVisible = 0;
			defaultConfigurationName = Release;
		};
		3DC871E02A1F5C9100C219B2 /* Build configuration list for PBXNativeTarget "SwiftUI Playground" */ = {
			isa = XCConfigurationList;
			buildConfigurations = (
				3DC871E12A1F5C9100C219B2 /* Debug */,
				3DC871E22A1F5C9100C219B2 /* Release */,
			);
			defaultConfigurationIsVisible = 0;
			defaultConfigurationName = Release;
		};
		3DC871E32A1F5C9100C219B2 /* Build configuration list for PBXNativeTarget "SwiftUI PlaygroundTests" */ = {
			isa = XCConfigurationList;
			buildConfigurations = (
				3DC871E42A1F5C9100C219B2 /* Debug */,
				3DC871E52A1F5C9100C219B2 /* Release */,
			);
			defaultConfigurationIsVisible = 0;
			defaultConfigurationName = Release;
		};
		3DC871E62A1F5C9100C219B2 /* Build configuration list for PBXNativeTarget "SwiftUI PlaygroundUITests" */ = {
			isa = XCConfigurationList;
			buildConfigurations = (
				3DC871E72A1F5C9100C219B2 /* Debug */,
				3DC871E82A1F5C9100C219B2 /* Release */,
			);
			defaultConfigurationIsVisible = 0;
			defaultConfigurationName = Release;
		};
/* End XCConfigurationList section */
	};
	rootObject = 3DC871B32A1F5C9000C219B2 /* Project object */;
}
